// !$*UTF8*$!
{
	archiveVersion = 1;
	classes = {
	};
	objectVersion = 55;
	objects = {

/* Begin PBXBuildFile section */
		FDC0429127B302CB00A426BE /* Tests_iOS.swift in Sources */ = {isa = PBXBuildFile; fileRef = FDC0429027B302CB00A426BE /* Tests_iOS.swift */; };
		FDC0429327B302CB00A426BE /* Tests_iOSLaunchTests.swift in Sources */ = {isa = PBXBuildFile; fileRef = FDC0429227B302CB00A426BE /* Tests_iOSLaunchTests.swift */; };
		FDC0429D27B302CB00A426BE /* Tests_macOS.swift in Sources */ = {isa = PBXBuildFile; fileRef = FDC0429C27B302CB00A426BE /* Tests_macOS.swift */; };
		FDC0429F27B302CB00A426BE /* Tests_macOSLaunchTests.swift in Sources */ = {isa = PBXBuildFile; fileRef = FDC0429E27B302CB00A426BE /* Tests_macOSLaunchTests.swift */; };
		FDC042A027B302CB00A426BE /* DiceApp.swift in Sources */ = {isa = PBXBuildFile; fileRef = FDC0427827B302CA00A426BE /* DiceApp.swift */; };
		FDC042A127B302CB00A426BE /* DiceApp.swift in Sources */ = {isa = PBXBuildFile; fileRef = FDC0427827B302CA00A426BE /* DiceApp.swift */; };
		FDC042A227B302CB00A426BE /* ContentView.swift in Sources */ = {isa = PBXBuildFile; fileRef = FDC0427927B302CA00A426BE /* ContentView.swift */; };
		FDC042A327B302CB00A426BE /* ContentView.swift in Sources */ = {isa = PBXBuildFile; fileRef = FDC0427927B302CA00A426BE /* ContentView.swift */; };
		FDC042A427B302CB00A426BE /* Assets.xcassets in Resources */ = {isa = PBXBuildFile; fileRef = FDC0427A27B302CB00A426BE /* Assets.xcassets */; };
		FDC042A527B302CB00A426BE /* Assets.xcassets in Resources */ = {isa = PBXBuildFile; fileRef = FDC0427A27B302CB00A426BE /* Assets.xcassets */; };
/* End PBXBuildFile section */

/* Begin PBXContainerItemProxy section */
		FDC0428D27B302CB00A426BE /* PBXContainerItemProxy */ = {
			isa = PBXContainerItemProxy;
			containerPortal = FDC0427327B302CA00A426BE /* Project object */;
			proxyType = 1;
			remoteGlobalIDString = FDC0427E27B302CB00A426BE;
			remoteInfo = "Dice (iOS)";
		};
		FDC0429927B302CB00A426BE /* PBXContainerItemProxy */ = {
			isa = PBXContainerItemProxy;
			containerPortal = FDC0427327B302CA00A426BE /* Project object */;
			proxyType = 1;
			remoteGlobalIDString = FDC0428427B302CB00A426BE;
			remoteInfo = "Dice (macOS)";
		};
/* End PBXContainerItemProxy section */

/* Begin PBXFileReference section */
		FDC0427827B302CA00A426BE /* DiceApp.swift */ = {isa = PBXFileReference; lastKnownFileType = sourcecode.swift; path = DiceApp.swift; sourceTree = "<group>"; };
		FDC0427927B302CA00A426BE /* ContentView.swift */ = {isa = PBXFileReference; lastKnownFileType = sourcecode.swift; path = ContentView.swift; sourceTree = "<group>"; };
		FDC0427A27B302CB00A426BE /* Assets.xcassets */ = {isa = PBXFileReference; lastKnownFileType = folder.assetcatalog; path = Assets.xcassets; sourceTree = "<group>"; };
		FDC0427F27B302CB00A426BE /* Dice.app */ = {isa = PBXFileReference; explicitFileType = wrapper.application; includeInIndex = 0; path = Dice.app; sourceTree = BUILT_PRODUCTS_DIR; };
		FDC0428527B302CB00A426BE /* Dice.app */ = {isa = PBXFileReference; explicitFileType = wrapper.application; includeInIndex = 0; path = Dice.app; sourceTree = BUILT_PRODUCTS_DIR; };
		FDC0428727B302CB00A426BE /* macOS.entitlements */ = {isa = PBXFileReference; lastKnownFileType = text.plist.entitlements; path = macOS.entitlements; sourceTree = "<group>"; };
		FDC0428C27B302CB00A426BE /* Tests iOS.xctest */ = {isa = PBXFileReference; explicitFileType = wrapper.cfbundle; includeInIndex = 0; path = "Tests iOS.xctest"; sourceTree = BUILT_PRODUCTS_DIR; };
		FDC0429027B302CB00A426BE /* Tests_iOS.swift */ = {isa = PBXFileReference; lastKnownFileType = sourcecode.swift; path = Tests_iOS.swift; sourceTree = "<group>"; };
		FDC0429227B302CB00A426BE /* Tests_iOSLaunchTests.swift */ = {isa = PBXFileReference; lastKnownFileType = sourcecode.swift; path = Tests_iOSLaunchTests.swift; sourceTree = "<group>"; };
		FDC0429827B302CB00A426BE /* Tests macOS.xctest */ = {isa = PBXFileReference; explicitFileType = wrapper.cfbundle; includeInIndex = 0; path = "Tests macOS.xctest"; sourceTree = BUILT_PRODUCTS_DIR; };
		FDC0429C27B302CB00A426BE /* Tests_macOS.swift */ = {isa = PBXFileReference; lastKnownFileType = sourcecode.swift; path = Tests_macOS.swift; sourceTree = "<group>"; };
		FDC0429E27B302CB00A426BE /* Tests_macOSLaunchTests.swift */ = {isa = PBXFileReference; lastKnownFileType = sourcecode.swift; path = Tests_macOSLaunchTests.swift; sourceTree = "<group>"; };
/* End PBXFileReference section */

/* Begin PBXFrameworksBuildPhase section */
		FDC0427C27B302CB00A426BE /* Frameworks */ = {
			isa = PBXFrameworksBuildPhase;
			buildActionMask = 2147483647;
			files = (
			);
			runOnlyForDeploymentPostprocessing = 0;
		};
		FDC0428227B302CB00A426BE /* Frameworks */ = {
			isa = PBXFrameworksBuildPhase;
			buildActionMask = 2147483647;
			files = (
			);
			runOnlyForDeploymentPostprocessing = 0;
		};
		FDC0428927B302CB00A426BE /* Frameworks */ = {
			isa = PBXFrameworksBuildPhase;
			buildActionMask = 2147483647;
			files = (
			);
			runOnlyForDeploymentPostprocessing = 0;
		};
		FDC0429527B302CB00A426BE /* Frameworks */ = {
			isa = PBXFrameworksBuildPhase;
			buildActionMask = 2147483647;
			files = (
			);
			runOnlyForDeploymentPostprocessing = 0;
		};
/* End PBXFrameworksBuildPhase section */

/* Begin PBXGroup section */
		FDC0427227B302CA00A426BE = {
			isa = PBXGroup;
			children = (
				FDC0427727B302CA00A426BE /* Shared */,
				FDC0428627B302CB00A426BE /* macOS */,
				FDC0428F27B302CB00A426BE /* Tests iOS */,
				FDC0429B27B302CB00A426BE /* Tests macOS */,
				FDC0428027B302CB00A426BE /* Products */,
			);
			sourceTree = "<group>";
		};
		FDC0427727B302CA00A426BE /* Shared */ = {
			isa = PBXGroup;
			children = (
				FDC0427827B302CA00A426BE /* DiceApp.swift */,
				FDC0427927B302CA00A426BE /* ContentView.swift */,
				FDC0427A27B302CB00A426BE /* Assets.xcassets */,
			);
			path = Shared;
			sourceTree = "<group>";
		};
		FDC0428027B302CB00A426BE /* Products */ = {
			isa = PBXGroup;
			children = (
				FDC0427F27B302CB00A426BE /* Dice.app */,
				FDC0428527B302CB00A426BE /* Dice.app */,
				FDC0428C27B302CB00A426BE /* Tests iOS.xctest */,
				FDC0429827B302CB00A426BE /* Tests macOS.xctest */,
			);
			name = Products;
			sourceTree = "<group>";
		};
		FDC0428627B302CB00A426BE /* macOS */ = {
			isa = PBXGroup;
			children = (
				FDC0428727B302CB00A426BE /* macOS.entitlements */,
			);
			path = macOS;
			sourceTree = "<group>";
		};
		FDC0428F27B302CB00A426BE /* Tests iOS */ = {
			isa = PBXGroup;
			children = (
				FDC0429027B302CB00A426BE /* Tests_iOS.swift */,
				FDC0429227B302CB00A426BE /* Tests_iOSLaunchTests.swift */,
			);
			path = "Tests iOS";
			sourceTree = "<group>";
		};
		FDC0429B27B302CB00A426BE /* Tests macOS */ = {
			isa = PBXGroup;
			children = (
				FDC0429C27B302CB00A426BE /* Tests_macOS.swift */,
				FDC0429E27B302CB00A426BE /* Tests_macOSLaunchTests.swift */,
			);
			path = "Tests macOS";
			sourceTree = "<group>";
		};
/* End PBXGroup section */

/* Begin PBXNativeTarget section */
		FDC0427E27B302CB00A426BE /* Dice (iOS) */ = {
			isa = PBXNativeTarget;
			buildConfigurationList = FDC042A827B302CB00A426BE /* Build configuration list for PBXNativeTarget "Dice (iOS)" */;
			buildPhases = (
				FDC0427B27B302CB00A426BE /* Sources */,
				FDC0427C27B302CB00A426BE /* Frameworks */,
				FDC0427D27B302CB00A426BE /* Resources */,
			);
			buildRules = (
			);
			dependencies = (
			);
			name = "Dice (iOS)";
			productName = "Dice (iOS)";
			productReference = FDC0427F27B302CB00A426BE /* Dice.app */;
			productType = "com.apple.product-type.application";
		};
		FDC0428427B302CB00A426BE /* Dice (macOS) */ = {
			isa = PBXNativeTarget;
			buildConfigurationList = FDC042AB27B302CB00A426BE /* Build configuration list for PBXNativeTarget "Dice (macOS)" */;
			buildPhases = (
				FDC0428127B302CB00A426BE /* Sources */,
				FDC0428227B302CB00A426BE /* Frameworks */,
				FDC0428327B302CB00A426BE /* Resources */,
			);
			buildRules = (
			);
			dependencies = (
			);
			name = "Dice (macOS)";
			productName = "Dice (macOS)";
			productReference = FDC0428527B302CB00A426BE /* Dice.app */;
			productType = "com.apple.product-type.application";
		};
		FDC0428B27B302CB00A426BE /* Tests iOS */ = {
			isa = PBXNativeTarget;
			buildConfigurationList = FDC042AE27B302CB00A426BE /* Build configuration list for PBXNativeTarget "Tests iOS" */;
			buildPhases = (
				FDC0428827B302CB00A426BE /* Sources */,
				FDC0428927B302CB00A426BE /* Frameworks */,
				FDC0428A27B302CB00A426BE /* Resources */,
			);
			buildRules = (
			);
			dependencies = (
				FDC0428E27B302CB00A426BE /* PBXTargetDependency */,
			);
			name = "Tests iOS";
			productName = "Tests iOS";
			productReference = FDC0428C27B302CB00A426BE /* Tests iOS.xctest */;
			productType = "com.apple.product-type.bundle.ui-testing";
		};
		FDC0429727B302CB00A426BE /* Tests macOS */ = {
			isa = PBXNativeTarget;
			buildConfigurationList = FDC042B127B302CB00A426BE /* Build configuration list for PBXNativeTarget "Tests macOS" */;
			buildPhases = (
				FDC0429427B302CB00A426BE /* Sources */,
				FDC0429527B302CB00A426BE /* Frameworks */,
				FDC0429627B302CB00A426BE /* Resources */,
			);
			buildRules = (
			);
			dependencies = (
				FDC0429A27B302CB00A426BE /* PBXTargetDependency */,
			);
			name = "Tests macOS";
			productName = "Tests macOS";
			productReference = FDC0429827B302CB00A426BE /* Tests macOS.xctest */;
			productType = "com.apple.product-type.bundle.ui-testing";
		};
/* End PBXNativeTarget section */

/* Begin PBXProject section */
		FDC0427327B302CA00A426BE /* Project object */ = {
			isa = PBXProject;
			attributes = {
				BuildIndependentTargetsInParallel = 1;
				LastSwiftUpdateCheck = 1320;
				LastUpgradeCheck = 1320;
				TargetAttributes = {
					FDC0427E27B302CB00A426BE = {
						CreatedOnToolsVersion = 13.2.1;
					};
					FDC0428427B302CB00A426BE = {
						CreatedOnToolsVersion = 13.2.1;
					};
					FDC0428B27B302CB00A426BE = {
						CreatedOnToolsVersion = 13.2.1;
						TestTargetID = FDC0427E27B302CB00A426BE;
					};
					FDC0429727B302CB00A426BE = {
						CreatedOnToolsVersion = 13.2.1;
						TestTargetID = FDC0428427B302CB00A426BE;
					};
				};
			};
			buildConfigurationList = FDC0427627B302CA00A426BE /* Build configuration list for PBXProject "Dice" */;
			compatibilityVersion = "Xcode 13.0";
			developmentRegion = en;
			hasScannedForEncodings = 0;
			knownRegions = (
				en,
				Base,
			);
			mainGroup = FDC0427227B302CA00A426BE;
			productRefGroup = FDC0428027B302CB00A426BE /* Products */;
			projectDirPath = "";
			projectRoot = "";
			targets = (
				FDC0427E27B302CB00A426BE /* Dice (iOS) */,
				FDC0428427B302CB00A426BE /* Dice (macOS) */,
				FDC0428B27B302CB00A426BE /* Tests iOS */,
				FDC0429727B302CB00A426BE /* Tests macOS */,
			);
		};
/* End PBXProject section */

/* Begin PBXResourcesBuildPhase section */
		FDC0427D27B302CB00A426BE /* Resources */ = {
			isa = PBXResourcesBuildPhase;
			buildActionMask = 2147483647;
			files = (
				FDC042A427B302CB00A426BE /* Assets.xcassets in Resources */,
			);
			runOnlyForDeploymentPostprocessing = 0;
		};
		FDC0428327B302CB00A426BE /* Resources */ = {
			isa = PBXResourcesBuildPhase;
			buildActionMask = 2147483647;
			files = (
				FDC042A527B302CB00A426BE /* Assets.xcassets in Resources */,
			);
			runOnlyForDeploymentPostprocessing = 0;
		};
		FDC0428A27B302CB00A426BE /* Resources */ = {
			isa = PBXResourcesBuildPhase;
			buildActionMask = 2147483647;
			files = (
			);
			runOnlyForDeploymentPostprocessing = 0;
		};
		FDC0429627B302CB00A426BE /* Resources */ = {
			isa = PBXResourcesBuildPhase;
			buildActionMask = 2147483647;
			files = (
			);
			runOnlyForDeploymentPostprocessing = 0;
		};
/* End PBXResourcesBuildPhase section */

/* Begin PBXSourcesBuildPhase section */
		FDC0427B27B302CB00A426BE /* Sources */ = {
			isa = PBXSourcesBuildPhase;
			buildActionMask = 2147483647;
			files = (
				FDC042A227B302CB00A426BE /* ContentView.swift in Sources */,
				FDC042A027B302CB00A426BE /* DiceApp.swift in Sources */,
			);
			runOnlyForDeploymentPostprocessing = 0;
		};
		FDC0428127B302CB00A426BE /* Sources */ = {
			isa = PBXSourcesBuildPhase;
			buildActionMask = 2147483647;
			files = (
				FDC042A327B302CB00A426BE /* ContentView.swift in Sources */,
				FDC042A127B302CB00A426BE /* DiceApp.swift in Sources */,
			);
			runOnlyForDeploymentPostprocessing = 0;
		};
		FDC0428827B302CB00A426BE /* Sources */ = {
			isa = PBXSourcesBuildPhase;
			buildActionMask = 2147483647;
			files = (
				FDC0429327B302CB00A426BE /* Tests_iOSLaunchTests.swift in Sources */,
				FDC0429127B302CB00A426BE /* Tests_iOS.swift in Sources */,
			);
			runOnlyForDeploymentPostprocessing = 0;
		};
		FDC0429427B302CB00A426BE /* Sources */ = {
			isa = PBXSourcesBuildPhase;
			buildActionMask = 2147483647;
			files = (
				FDC0429F27B302CB00A426BE /* Tests_macOSLaunchTests.swift in Sources */,
				FDC0429D27B302CB00A426BE /* Tests_macOS.swift in Sources */,
			);
			runOnlyForDeploymentPostprocessing = 0;
		};
/* End PBXSourcesBuildPhase section */

/* Begin PBXTargetDependency section */
		FDC0428E27B302CB00A426BE /* PBXTargetDependency */ = {
			isa = PBXTargetDependency;
			target = FDC0427E27B302CB00A426BE /* Dice (iOS) */;
			targetProxy = FDC0428D27B302CB00A426BE /* PBXContainerItemProxy */;
		};
		FDC0429A27B302CB00A426BE /* PBXTargetDependency */ = {
			isa = PBXTargetDependency;
			target = FDC0428427B302CB00A426BE /* Dice (macOS) */;
			targetProxy = FDC0429927B302CB00A426BE /* PBXContainerItemProxy */;
		};
/* End PBXTargetDependency section */

/* Begin XCBuildConfiguration section */
		FDC042A627B302CB00A426BE /* Debug */ = {
			isa = XCBuildConfiguration;
			buildSettings = {
				ALWAYS_SEARCH_USER_PATHS = NO;
				CLANG_ANALYZER_NONNULL = YES;
				CLANG_ANALYZER_NUMBER_OBJECT_CONVERSION = YES_AGGRESSIVE;
				CLANG_CXX_LANGUAGE_STANDARD = "gnu++17";
				CLANG_CXX_LIBRARY = "libc++";
				CLANG_ENABLE_MODULES = YES;
				CLANG_ENABLE_OBJC_ARC = YES;
				CLANG_ENABLE_OBJC_WEAK = YES;
				CLANG_WARN_BLOCK_CAPTURE_AUTORELEASING = YES;
				CLANG_WARN_BOOL_CONVERSION = YES;
				CLANG_WARN_COMMA = YES;
				CLANG_WARN_CONSTANT_CONVERSION = YES;
				CLANG_WARN_DEPRECATED_OBJC_IMPLEMENTATIONS = YES;
				CLANG_WARN_DIRECT_OBJC_ISA_USAGE = YES_ERROR;
				CLANG_WARN_DOCUMENTATION_COMMENTS = YES;
				CLANG_WARN_EMPTY_BODY = YES;
				CLANG_WARN_ENUM_CONVERSION = YES;
				CLANG_WARN_INFINITE_RECURSION = YES;
				CLANG_WARN_INT_CONVERSION = YES;
				CLANG_WARN_NON_LITERAL_NULL_CONVERSION = YES;
				CLANG_WARN_OBJC_IMPLICIT_RETAIN_SELF = YES;
				CLANG_WARN_OBJC_LITERAL_CONVERSION = YES;
				CLANG_WARN_OBJC_ROOT_CLASS = YES_ERROR;
				CLANG_WARN_QUOTED_INCLUDE_IN_FRAMEWORK_HEADER = YES;
				CLANG_WARN_RANGE_LOOP_ANALYSIS = YES;
				CLANG_WARN_STRICT_PROTOTYPES = YES;
				CLANG_WARN_SUSPICIOUS_MOVE = YES;
				CLANG_WARN_UNGUARDED_AVAILABILITY = YES_AGGRESSIVE;
				CLANG_WARN_UNREACHABLE_CODE = YES;
				CLANG_WARN__DUPLICATE_METHOD_MATCH = YES;
				COPY_PHASE_STRIP = NO;
				DEBUG_INFORMATION_FORMAT = dwarf;
				ENABLE_STRICT_OBJC_MSGSEND = YES;
				ENABLE_TESTABILITY = YES;
				GCC_C_LANGUAGE_STANDARD = gnu11;
				GCC_DYNAMIC_NO_PIC = NO;
				GCC_NO_COMMON_BLOCKS = YES;
				GCC_OPTIMIZATION_LEVEL = 0;
				GCC_PREPROCESSOR_DEFINITIONS = (
					"DEBUG=1",
					"$(inherited)",
				);
				GCC_WARN_64_TO_32_BIT_CONVERSION = YES;
				GCC_WARN_ABOUT_RETURN_TYPE = YES_ERROR;
				GCC_WARN_UNDECLARED_SELECTOR = YES;
				GCC_WARN_UNINITIALIZED_AUTOS = YES_AGGRESSIVE;
				GCC_WARN_UNUSED_FUNCTION = YES;
				GCC_WARN_UNUSED_VARIABLE = YES;
				MTL_ENABLE_DEBUG_INFO = INCLUDE_SOURCE;
				MTL_FAST_MATH = YES;
				ONLY_ACTIVE_ARCH = YES;
				SWIFT_ACTIVE_COMPILATION_CONDITIONS = DEBUG;
				SWIFT_OPTIMIZATION_LEVEL = "-Onone";
			};
			name = Debug;
		};
		FDC042A727B302CB00A426BE /* Release */ = {
			isa = XCBuildConfiguration;
			buildSettings = {
				ALWAYS_SEARCH_USER_PATHS = NO;
				CLANG_ANALYZER_NONNULL = YES;
				CLANG_ANALYZER_NUMBER_OBJECT_CONVERSION = YES_AGGRESSIVE;
				CLANG_CXX_LANGUAGE_STANDARD = "gnu++17";
				CLANG_CXX_LIBRARY = "libc++";
				CLANG_ENABLE_MODULES = YES;
				CLANG_ENABLE_OBJC_ARC = YES;
				CLANG_ENABLE_OBJC_WEAK = YES;
				CLANG_WARN_BLOCK_CAPTURE_AUTORELEASING = YES;
				CLANG_WARN_BOOL_CONVERSION = YES;
				CLANG_WARN_COMMA = YES;
				CLANG_WARN_CONSTANT_CONVERSION = YES;
				CLANG_WARN_DEPRECATED_OBJC_IMPLEMENTATIONS = YES;
				CLANG_WARN_DIRECT_OBJC_ISA_USAGE = YES_ERROR;
				CLANG_WARN_DOCUMENTATION_COMMENTS = YES;
				CLANG_WARN_EMPTY_BODY = YES;
				CLANG_WARN_ENUM_CONVERSION = YES;
				CLANG_WARN_INFINITE_RECURSION = YES;
				CLANG_WARN_INT_CONVERSION = YES;
				CLANG_WARN_NON_LITERAL_NULL_CONVERSION = YES;
				CLANG_WARN_OBJC_IMPLICIT_RETAIN_SELF = YES;
				CLANG_WARN_OBJC_LITERAL_CONVERSION = YES;
				CLANG_WARN_OBJC_ROOT_CLASS = YES_ERROR;
				CLANG_WARN_QUOTED_INCLUDE_IN_FRAMEWORK_HEADER = YES;
				CLANG_WARN_RANGE_LOOP_ANALYSIS = YES;
				CLANG_WARN_STRICT_PROTOTYPES = YES;
				CLANG_WARN_SUSPICIOUS_MOVE = YES;
				CLANG_WARN_UNGUARDED_AVAILABILITY = YES_AGGRESSIVE;
				CLANG_WARN_UNREACHABLE_CODE = YES;
				CLANG_WARN__DUPLICATE_METHOD_MATCH = YES;
				COPY_PHASE_STRIP = NO;
				DEBUG_INFORMATION_FORMAT = "dwarf-with-dsym";
				ENABLE_NS_ASSERTIONS = NO;
				ENABLE_STRICT_OBJC_MSGSEND = YES;
				GCC_C_LANGUAGE_STANDARD = gnu11;
				GCC_NO_COMMON_BLOCKS = YES;
				GCC_WARN_64_TO_32_BIT_CONVERSION = YES;
				GCC_WARN_ABOUT_RETURN_TYPE = YES_ERROR;
				GCC_WARN_UNDECLARED_SELECTOR = YES;
				GCC_WARN_UNINITIALIZED_AUTOS = YES_AGGRESSIVE;
				GCC_WARN_UNUSED_FUNCTION = YES;
				GCC_WARN_UNUSED_VARIABLE = YES;
				MTL_ENABLE_DEBUG_INFO = NO;
				MTL_FAST_MATH = YES;
				SWIFT_COMPILATION_MODE = wholemodule;
				SWIFT_OPTIMIZATION_LEVEL = "-O";
			};
			name = Release;
		};
		FDC042A927B302CB00A426BE /* Debug */ = {
			isa = XCBuildConfiguration;
			buildSettings = {
				ASSETCATALOG_COMPILER_APPICON_NAME = AppIcon;
				ASSETCATALOG_COMPILER_GLOBAL_ACCENT_COLOR_NAME = AccentColor;
				CODE_SIGN_STYLE = Automatic;
				CURRENT_PROJECT_VERSION = 1;
				ENABLE_PREVIEWS = YES;
				GENERATE_INFOPLIST_FILE = YES;
				INFOPLIST_KEY_UIApplicationSceneManifest_Generation = YES;
				INFOPLIST_KEY_UIApplicationSupportsIndirectInputEvents = YES;
				INFOPLIST_KEY_UILaunchScreen_Generation = YES;
				INFOPLIST_KEY_UISupportedInterfaceOrientations_iPad = "UIInterfaceOrientationPortrait UIInterfaceOrientationPortraitUpsideDown UIInterfaceOrientationLandscapeLeft UIInterfaceOrientationLandscapeRight";
				INFOPLIST_KEY_UISupportedInterfaceOrientations_iPhone = "UIInterfaceOrientationPortrait UIInterfaceOrientationLandscapeLeft UIInterfaceOrientationLandscapeRight";
				IPHONEOS_DEPLOYMENT_TARGET = 15.2;
				LD_RUNPATH_SEARCH_PATHS = (
					"$(inherited)",
					"@executable_path/Frameworks",
				);
				MARKETING_VERSION = 1.0;
				PRODUCT_BUNDLE_IDENTIFIER = xom.example.Dice;
				PRODUCT_NAME = Dice;
				SDKROOT = iphoneos;
				SWIFT_EMIT_LOC_STRINGS = YES;
				SWIFT_VERSION = 5.0;
				TARGETED_DEVICE_FAMILY = "1,2";
			};
			name = Debug;
		};
		FDC042AA27B302CB00A426BE /* Release */ = {
			isa = XCBuildConfiguration;
			buildSettings = {
				ASSETCATALOG_COMPILER_APPICON_NAME = AppIcon;
				ASSETCATALOG_COMPILER_GLOBAL_ACCENT_COLOR_NAME = AccentColor;
				CODE_SIGN_STYLE = Automatic;
				CURRENT_PROJECT_VERSION = 1;
				ENABLE_PREVIEWS = YES;
				GENERATE_INFOPLIST_FILE = YES;
				INFOPLIST_KEY_UIApplicationSceneManifest_Generation = YES;
				INFOPLIST_KEY_UIApplicationSupportsIndirectInputEvents = YES;
				INFOPLIST_KEY_UILaunchScreen_Generation = YES;
				INFOPLIST_KEY_UISupportedInterfaceOrientations_iPad = "UIInterfaceOrientationPortrait UIInterfaceOrientationPortraitUpsideDown UIInterfaceOrientationLandscapeLeft UIInterfaceOrientationLandscapeRight";
				INFOPLIST_KEY_UISupportedInterfaceOrientations_iPhone = "UIInterfaceOrientationPortrait UIInterfaceOrientationLandscapeLeft UIInterfaceOrientationLandscapeRight";
				IPHONEOS_DEPLOYMENT_TARGET = 15.2;
				LD_RUNPATH_SEARCH_PATHS = (
					"$(inherited)",
					"@executable_path/Frameworks",
				);
				MARKETING_VERSION = 1.0;
				PRODUCT_BUNDLE_IDENTIFIER = xom.example.Dice;
				PRODUCT_NAME = Dice;
				SDKROOT = iphoneos;
				SWIFT_EMIT_LOC_STRINGS = YES;
				SWIFT_VERSION = 5.0;
				TARGETED_DEVICE_FAMILY = "1,2";
				VALIDATE_PRODUCT = YES;
			};
			name = Release;
		};
		FDC042AC27B302CB00A426BE /* Debug */ = {
			isa = XCBuildConfiguration;
			buildSettings = {
				ASSETCATALOG_COMPILER_APPICON_NAME = AppIcon;
				ASSETCATALOG_COMPILER_GLOBAL_ACCENT_COLOR_NAME = AccentColor;
				CODE_SIGN_ENTITLEMENTS = macOS/macOS.entitlements;
				CODE_SIGN_STYLE = Automatic;
				COMBINE_HIDPI_IMAGES = YES;
				CURRENT_PROJECT_VERSION = 1;
				ENABLE_PREVIEWS = YES;
				GENERATE_INFOPLIST_FILE = YES;
				INFOPLIST_KEY_NSHumanReadableCopyright = "";
				LD_RUNPATH_SEARCH_PATHS = (
					"$(inherited)",
					"@executable_path/../Frameworks",
				);
				MACOSX_DEPLOYMENT_TARGET = 12.1;
				MARKETING_VERSION = 1.0;
				PRODUCT_BUNDLE_IDENTIFIER = xom.example.Dice;
				PRODUCT_NAME = Dice;
				SDKROOT = macosx;
				SWIFT_EMIT_LOC_STRINGS = YES;
				SWIFT_VERSION = 5.0;
			};
			name = Debug;
		};
		FDC042AD27B302CB00A426BE /* Release */ = {
			isa = XCBuildConfiguration;
			buildSettings = {
				ASSETCATALOG_COMPILER_APPICON_NAME = AppIcon;
				ASSETCATALOG_COMPILER_GLOBAL_ACCENT_COLOR_NAME = AccentColor;
				CODE_SIGN_ENTITLEMENTS = macOS/macOS.entitlements;
				CODE_SIGN_STYLE = Automatic;
				COMBINE_HIDPI_IMAGES = YES;
				CURRENT_PROJECT_VERSION = 1;
				ENABLE_PREVIEWS = YES;
				GENERATE_INFOPLIST_FILE = YES;
				INFOPLIST_KEY_NSHumanReadableCopyright = "";
				LD_RUNPATH_SEARCH_PATHS = (
					"$(inherited)",
					"@executable_path/../Frameworks",
				);
				MACOSX_DEPLOYMENT_TARGET = 12.1;
				MARKETING_VERSION = 1.0;
				PRODUCT_BUNDLE_IDENTIFIER = xom.example.Dice;
				PRODUCT_NAME = Dice;
				SDKROOT = macosx;
				SWIFT_EMIT_LOC_STRINGS = YES;
				SWIFT_VERSION = 5.0;
			};
			name = Release;
		};
		FDC042AF27B302CB00A426BE /* Debug */ = {
			isa = XCBuildConfiguration;
			buildSettings = {
				ALWAYS_EMBED_SWIFT_STANDARD_LIBRARIES = YES;
				CODE_SIGN_STYLE = Automatic;
				CURRENT_PROJECT_VERSION = 1;
				GENERATE_INFOPLIST_FILE = YES;
				IPHONEOS_DEPLOYMENT_TARGET = 15.2;
				MARKETING_VERSION = 1.0;
				PRODUCT_BUNDLE_IDENTIFIER = "xom.example.Tests-iOS";
				PRODUCT_NAME = "$(TARGET_NAME)";
				SDKROOT = iphoneos;
				SWIFT_EMIT_LOC_STRINGS = NO;
				SWIFT_VERSION = 5.0;
				TARGETED_DEVICE_FAMILY = "1,2";
				TEST_TARGET_NAME = "Dice (iOS)";
			};
			name = Debug;
		};
		FDC042B027B302CB00A426BE /* Release */ = {
			isa = XCBuildConfiguration;
			buildSettings = {
				ALWAYS_EMBED_SWIFT_STANDARD_LIBRARIES = YES;
				CODE_SIGN_STYLE = Automatic;
				CURRENT_PROJECT_VERSION = 1;
				GENERATE_INFOPLIST_FILE = YES;
				IPHONEOS_DEPLOYMENT_TARGET = 15.2;
				MARKETING_VERSION = 1.0;
				PRODUCT_BUNDLE_IDENTIFIER = "xom.example.Tests-iOS";
				PRODUCT_NAME = "$(TARGET_NAME)";
				SDKROOT = iphoneos;
				SWIFT_EMIT_LOC_STRINGS = NO;
				SWIFT_VERSION = 5.0;
				TARGETED_DEVICE_FAMILY = "1,2";
				TEST_TARGET_NAME = "Dice (iOS)";
				VALIDATE_PRODUCT = YES;
			};
			name = Release;
		};
		FDC042B227B302CB00A426BE /* Debug */ = {
			isa = XCBuildConfiguration;
			buildSettings = {
				ALWAYS_EMBED_SWIFT_STANDARD_LIBRARIES = YES;
				CODE_SIGN_STYLE = Automatic;
				CURRENT_PROJECT_VERSION = 1;
				GENERATE_INFOPLIST_FILE = YES;
				MACOSX_DEPLOYMENT_TARGET = 12.1;
				MARKETING_VERSION = 1.0;
				PRODUCT_BUNDLE_IDENTIFIER = "xom.example.Tests-macOS";
				PRODUCT_NAME = "$(TARGET_NAME)";
				SDKROOT = macosx;
				SWIFT_EMIT_LOC_STRINGS = NO;
				SWIFT_VERSION = 5.0;
				TEST_TARGET_NAME = "Dice (macOS)";
			};
			name = Debug;
		};
		FDC042B327B302CB00A426BE /* Release */ = {
			isa = XCBuildConfiguration;
			buildSettings = {
				ALWAYS_EMBED_SWIFT_STANDARD_LIBRARIES = YES;
				CODE_SIGN_STYLE = Automatic;
				CURRENT_PROJECT_VERSION = 1;
				GENERATE_INFOPLIST_FILE = YES;
				MACOSX_DEPLOYMENT_TARGET = 12.1;
				MARKETING_VERSION = 1.0;
				PRODUCT_BUNDLE_IDENTIFIER = "xom.example.Tests-macOS";
				PRODUCT_NAME = "$(TARGET_NAME)";
				SDKROOT = macosx;
				SWIFT_EMIT_LOC_STRINGS = NO;
				SWIFT_VERSION = 5.0;
				TEST_TARGET_NAME = "Dice (macOS)";
			};
			name = Release;
		};
/* End XCBuildConfiguration section */

/* Begin XCConfigurationList section */
		FDC0427627B302CA00A426BE /* Build configuration list for PBXProject "Dice" */ = {
			isa = XCConfigurationList;
			buildConfigurations = (
				FDC042A627B302CB00A426BE /* Debug */,
				FDC042A727B302CB00A426BE /* Release */,
			);
			defaultConfigurationIsVisible = 0;
			defaultConfigurationName = Release;
		};
		FDC042A827B302CB00A426BE /* Build configuration list for PBXNativeTarget "Dice (iOS)" */ = {
			isa = XCConfigurationList;
			buildConfigurations = (
				FDC042A927B302CB00A426BE /* Debug */,
				FDC042AA27B302CB00A426BE /* Release */,
			);
			defaultConfigurationIsVisible = 0;
			defaultConfigurationName = Release;
		};
		FDC042AB27B302CB00A426BE /* Build configuration list for PBXNativeTarget "Dice (macOS)" */ = {
			isa = XCConfigurationList;
			buildConfigurations = (
				FDC042AC27B302CB00A426BE /* Debug */,
				FDC042AD27B302CB00A426BE /* Release */,
			);
			defaultConfigurationIsVisible = 0;
			defaultConfigurationName = Release;
		};
		FDC042AE27B302CB00A426BE /* Build configuration list for PBXNativeTarget "Tests iOS" */ = {
			isa = XCConfigurationList;
			buildConfigurations = (
				FDC042AF27B302CB00A426BE /* Debug */,
				FDC042B027B302CB00A426BE /* Release */,
			);
			defaultConfigurationIsVisible = 0;
			defaultConfigurationName = Release;
		};
		FDC042B127B302CB00A426BE /* Build configuration list for PBXNativeTarget "Tests macOS" */ = {
			isa = XCConfigurationList;
			buildConfigurations = (
				FDC042B227B302CB00A426BE /* Debug */,
				FDC042B327B302CB00A426BE /* Release */,
			);
			defaultConfigurationIsVisible = 0;
			defaultConfigurationName = Release;
		};
/* End XCConfigurationList section */
	};
	rootObject = FDC0427327B302CA00A426BE /* Project object */;
}
