// !$*UTF8*$!
{
	archiveVersion = 1;
	classes = {
	};
	objectVersion = 55;
	objects = {

/* Begin PBXBuildFile section */
		FDE7A0BB27B420130002B4B5 /* CoinTossViewController.m in Sources */ = {isa = PBXBuildFile; fileRef = FDE7A0BA27B420130002B4B5 /* CoinTossViewController.m */; };
/* End PBXBuildFile section */

/* Begin PBXContainerItemProxy section */
		FDE7A09527B41E290002B4B5 /* PBXContainerItemProxy */ = {
			isa = PBXContainerItemProxy;
			containerPortal = FDE7A06E27B41E270002B4B5 /* Project object */;
			proxyType = 1;
			remoteGlobalIDString = FDE7A07527B41E270002B4B5;
			remoteInfo = "Coin Toss";
		};
		FDE7A09F27B41E290002B4B5 /* PBXContainerItemProxy */ = {
			isa = PBXContainerItemProxy;
			containerPortal = FDE7A06E27B41E270002B4B5 /* Project object */;
			proxyType = 1;
			remoteGlobalIDString = FDE7A07527B41E270002B4B5;
			remoteInfo = "Coin Toss";
		};
/* End PBXContainerItemProxy section */

/* Begin PBXFileReference section */
		FDE7A07627B41E270002B4B5 /* Coin Toss.app */ = {isa = PBXFileReference; explicitFileType = wrapper.application; includeInIndex = 0; path = "Coin Toss.app"; sourceTree = BUILT_PRODUCTS_DIR; };
		FDE7A09427B41E290002B4B5 /* Coin TossTests.xctest */ = {isa = PBXFileReference; explicitFileType = wrapper.cfbundle; includeInIndex = 0; path = "Coin TossTests.xctest"; sourceTree = BUILT_PRODUCTS_DIR; };
		FDE7A09E27B41E290002B4B5 /* Coin TossUITests.xctest */ = {isa = PBXFileReference; explicitFileType = wrapper.cfbundle; includeInIndex = 0; path = "Coin TossUITests.xctest"; sourceTree = BUILT_PRODUCTS_DIR; };
		FDE7A0B627B41EE80002B4B5 /* CoinTossViewController.h */ = {isa = PBXFileReference; lastKnownFileType = sourcecode.c.h; path = CoinTossViewController.h; sourceTree = "<group>"; };
		FDE7A0BA27B420130002B4B5 /* CoinTossViewController.m */ = {isa = PBXFileReference; lastKnownFileType = sourcecode.c.objc; path = CoinTossViewController.m; sourceTree = "<group>"; };
/* End PBXFileReference section */

/* Begin PBXFrameworksBuildPhase section */
		FDE7A07327B41E270002B4B5 /* Frameworks */ = {
			isa = PBXFrameworksBuildPhase;
			buildActionMask = 2147483647;
			files = (
			);
			runOnlyForDeploymentPostprocessing = 0;
		};
		FDE7A09127B41E290002B4B5 /* Frameworks */ = {
			isa = PBXFrameworksBuildPhase;
			buildActionMask = 2147483647;
			files = (
			);
			runOnlyForDeploymentPostprocessing = 0;
		};
		FDE7A09B27B41E290002B4B5 /* Frameworks */ = {
			isa = PBXFrameworksBuildPhase;
			buildActionMask = 2147483647;
			files = (
			);
			runOnlyForDeploymentPostprocessing = 0;
		};
/* End PBXFrameworksBuildPhase section */

/* Begin PBXGroup section */
		FDE7A06D27B41E270002B4B5 = {
			isa = PBXGroup;
			children = (
				FDE7A07827B41E270002B4B5 /* Coin Toss */,
				FDE7A07727B41E270002B4B5 /* Products */,
			);
			sourceTree = "<group>";
		};
		FDE7A07727B41E270002B4B5 /* Products */ = {
			isa = PBXGroup;
			children = (
				FDE7A07627B41E270002B4B5 /* Coin Toss.app */,
				FDE7A09427B41E290002B4B5 /* Coin TossTests.xctest */,
				FDE7A09E27B41E290002B4B5 /* Coin TossUITests.xctest */,
			);
			name = Products;
			sourceTree = "<group>";
		};
		FDE7A07827B41E270002B4B5 /* Coin Toss */ = {
			isa = PBXGroup;
			children = (
				FDE7A0BA27B420130002B4B5 /* CoinTossViewController.m */,
				FDE7A0B627B41EE80002B4B5 /* CoinTossViewController.h */,
			);
			path = "Coin Toss";
			sourceTree = "<group>";
		};
/* End PBXGroup section */

/* Begin PBXNativeTarget section */
		FDE7A07527B41E270002B4B5 /* Coin Toss */ = {
			isa = PBXNativeTarget;
			buildConfigurationList = FDE7A0A827B41E290002B4B5 /* Build configuration list for PBXNativeTarget "Coin Toss" */;
			buildPhases = (
				FDE7A07227B41E270002B4B5 /* Sources */,
				FDE7A07327B41E270002B4B5 /* Frameworks */,
				FDE7A07427B41E270002B4B5 /* Resources */,
			);
			buildRules = (
			);
			dependencies = (
			);
			name = "Coin Toss";
			productName = "Coin Toss";
			productReference = FDE7A07627B41E270002B4B5 /* Coin Toss.app */;
			productType = "com.apple.product-type.application";
		};
		FDE7A09327B41E290002B4B5 /* Coin TossTests */ = {
			isa = PBXNativeTarget;
			buildConfigurationList = FDE7A0AB27B41E290002B4B5 /* Build configuration list for PBXNativeTarget "Coin TossTests" */;
			buildPhases = (
				FDE7A09027B41E290002B4B5 /* Sources */,
				FDE7A09127B41E290002B4B5 /* Frameworks */,
				FDE7A09227B41E290002B4B5 /* Resources */,
			);
			buildRules = (
			);
			dependencies = (
				FDE7A09627B41E290002B4B5 /* PBXTargetDependency */,
			);
			name = "Coin TossTests";
			productName = "Coin TossTests";
			productReference = FDE7A09427B41E290002B4B5 /* Coin TossTests.xctest */;
			productType = "com.apple.product-type.bundle.unit-test";
		};
		FDE7A09D27B41E290002B4B5 /* Coin TossUITests */ = {
			isa = PBXNativeTarget;
			buildConfigurationList = FDE7A0AE27B41E290002B4B5 /* Build configuration list for PBXNativeTarget "Coin TossUITests" */;
			buildPhases = (
				FDE7A09A27B41E290002B4B5 /* Sources */,
				FDE7A09B27B41E290002B4B5 /* Frameworks */,
				FDE7A09C27B41E290002B4B5 /* Resources */,
			);
			buildRules = (
			);
			dependencies = (
				FDE7A0A027B41E290002B4B5 /* PBXTargetDependency */,
			);
			name = "Coin TossUITests";
			productName = "Coin TossUITests";
			productReference = FDE7A09E27B41E290002B4B5 /* Coin TossUITests.xctest */;
			productType = "com.apple.product-type.bundle.ui-testing";
		};
/* End PBXNativeTarget section */

/* Begin PBXProject section */
		FDE7A06E27B41E270002B4B5 /* Project object */ = {
			isa = PBXProject;
			attributes = {
				BuildIndependentTargetsInParallel = 1;
				LastUpgradeCheck = 1320;
				TargetAttributes = {
					FDE7A07527B41E270002B4B5 = {
						CreatedOnToolsVersion = 13.2.1;
					};
					FDE7A09327B41E290002B4B5 = {
						CreatedOnToolsVersion = 13.2.1;
						TestTargetID = FDE7A07527B41E270002B4B5;
					};
					FDE7A09D27B41E290002B4B5 = {
						CreatedOnToolsVersion = 13.2.1;
						TestTargetID = FDE7A07527B41E270002B4B5;
					};
				};
			};
			buildConfigurationList = FDE7A07127B41E270002B4B5 /* Build configuration list for PBXProject "Coin Toss" */;
			compatibilityVersion = "Xcode 13.0";
			developmentRegion = en;
			hasScannedForEncodings = 0;
			knownRegions = (
				en,
				Base,
			);
			mainGroup = FDE7A06D27B41E270002B4B5;
			productRefGroup = FDE7A07727B41E270002B4B5 /* Products */;
			projectDirPath = "";
			projectRoot = "";
			targets = (
				FDE7A07527B41E270002B4B5 /* Coin Toss */,
				FDE7A09327B41E290002B4B5 /* Coin TossTests */,
				FDE7A09D27B41E290002B4B5 /* Coin TossUITests */,
			);
		};
/* End PBXProject section */

/* Begin PBXResourcesBuildPhase section */
		FDE7A07427B41E270002B4B5 /* Resources */ = {
			isa = PBXResourcesBuildPhase;
			buildActionMask = 2147483647;
			files = (
			);
			runOnlyForDeploymentPostprocessing = 0;
		};
		FDE7A09227B41E290002B4B5 /* Resources */ = {
			isa = PBXResourcesBuildPhase;
			buildActionMask = 2147483647;
			files = (
			);
			runOnlyForDeploymentPostprocessing = 0;
		};
		FDE7A09C27B41E290002B4B5 /* Resources */ = {
			isa = PBXResourcesBuildPhase;
			buildActionMask = 2147483647;
			files = (
			);
			runOnlyForDeploymentPostprocessing = 0;
		};
/* End PBXResourcesBuildPhase section */

/* Begin PBXSourcesBuildPhase section */
		FDE7A07227B41E270002B4B5 /* Sources */ = {
			isa = PBXSourcesBuildPhase;
			buildActionMask = 2147483647;
			files = (
				FDE7A0BB27B420130002B4B5 /* CoinTossViewController.m in Sources */,
			);
			runOnlyForDeploymentPostprocessing = 0;
		};
		FDE7A09027B41E290002B4B5 /* Sources */ = {
			isa = PBXSourcesBuildPhase;
			buildActionMask = 2147483647;
			files = (
			);
			runOnlyForDeploymentPostprocessing = 0;
		};
		FDE7A09A27B41E290002B4B5 /* Sources */ = {
			isa = PBXSourcesBuildPhase;
			buildActionMask = 2147483647;
			files = (
			);
			runOnlyForDeploymentPostprocessing = 0;
		};
/* End PBXSourcesBuildPhase section */

/* Begin PBXTargetDependency section */
		FDE7A09627B41E290002B4B5 /* PBXTargetDependency */ = {
			isa = PBXTargetDependency;
			target = FDE7A07527B41E270002B4B5 /* Coin Toss */;
			targetProxy = FDE7A09527B41E290002B4B5 /* PBXContainerItemProxy */;
		};
		FDE7A0A027B41E290002B4B5 /* PBXTargetDependency */ = {
			isa = PBXTargetDependency;
			target = FDE7A07527B41E270002B4B5 /* Coin Toss */;
			targetProxy = FDE7A09F27B41E290002B4B5 /* PBXContainerItemProxy */;
		};
/* End PBXTargetDependency section */

/* Begin XCBuildConfiguration section */
		FDE7A0A627B41E290002B4B5 /* Debug */ = {
			isa = XCBuildConfiguration;
			buildSettings = {
				ALWAYS_SEARCH_USER_PATHS = NO;
				CLANG_ANALYZER_NONNULL = YES;
				CLANG_ANALYZER_NUMBER_OBJECT_CONVERSION = YES_AGGRESSIVE;
				CLANG_CXX_LANGUAGE_STANDARD = "gnu++17";
				CLANG_CXX_LIBRARY = "libc++";
				CLANG_ENABLE_MODULES = YES;
				CLANG_ENABLE_OBJC_ARC = YES;
				CLANG_ENABLE_OBJC_WEAK = YES;
				CLANG_WARN_BLOCK_CAPTURE_AUTORELEASING = YES;
				CLANG_WARN_BOOL_CONVERSION = YES;
				CLANG_WARN_COMMA = YES;
				CLANG_WARN_CONSTANT_CONVERSION = YES;
				CLANG_WARN_DEPRECATED_OBJC_IMPLEMENTATIONS = YES;
				CLANG_WARN_DIRECT_OBJC_ISA_USAGE = YES_ERROR;
				CLANG_WARN_DOCUMENTATION_COMMENTS = YES;
				CLANG_WARN_EMPTY_BODY = YES;
				CLANG_WARN_ENUM_CONVERSION = YES;
				CLANG_WARN_INFINITE_RECURSION = YES;
				CLANG_WARN_INT_CONVERSION = YES;
				CLANG_WARN_NON_LITERAL_NULL_CONVERSION = YES;
				CLANG_WARN_OBJC_IMPLICIT_RETAIN_SELF = YES;
				CLANG_WARN_OBJC_LITERAL_CONVERSION = YES;
				CLANG_WARN_OBJC_ROOT_CLASS = YES_ERROR;
				CLANG_WARN_QUOTED_INCLUDE_IN_FRAMEWORK_HEADER = YES;
				CLANG_WARN_RANGE_LOOP_ANALYSIS = YES;
				CLANG_WARN_STRICT_PROTOTYPES = YES;
				CLANG_WARN_SUSPICIOUS_MOVE = YES;
				CLANG_WARN_UNGUARDED_AVAILABILITY = YES_AGGRESSIVE;
				CLANG_WARN_UNREACHABLE_CODE = YES;
				CLANG_WARN__DUPLICATE_METHOD_MATCH = YES;
				COPY_PHASE_STRIP = NO;
				DEBUG_INFORMATION_FORMAT = dwarf;
				ENABLE_STRICT_OBJC_MSGSEND = YES;
				ENABLE_TESTABILITY = YES;
				GCC_C_LANGUAGE_STANDARD = gnu11;
				GCC_DYNAMIC_NO_PIC = NO;
				GCC_NO_COMMON_BLOCKS = YES;
				GCC_OPTIMIZATION_LEVEL = 0;
				GCC_PREPROCESSOR_DEFINITIONS = (
					"DEBUG=1",
					"$(inherited)",
				);
				GCC_WARN_64_TO_32_BIT_CONVERSION = YES;
				GCC_WARN_ABOUT_RETURN_TYPE = YES_ERROR;
				GCC_WARN_UNDECLARED_SELECTOR = YES;
				GCC_WARN_UNINITIALIZED_AUTOS = YES_AGGRESSIVE;
				GCC_WARN_UNUSED_FUNCTION = YES;
				GCC_WARN_UNUSED_VARIABLE = YES;
				IPHONEOS_DEPLOYMENT_TARGET = 15.2;
				MTL_ENABLE_DEBUG_INFO = INCLUDE_SOURCE;
				MTL_FAST_MATH = YES;
				ONLY_ACTIVE_ARCH = YES;
				SDKROOT = iphoneos;
			};
			name = Debug;
		};
		FDE7A0A727B41E290002B4B5 /* Release */ = {
			isa = XCBuildConfiguration;
			buildSettings = {
				ALWAYS_SEARCH_USER_PATHS = NO;
				CLANG_ANALYZER_NONNULL = YES;
				CLANG_ANALYZER_NUMBER_OBJECT_CONVERSION = YES_AGGRESSIVE;
				CLANG_CXX_LANGUAGE_STANDARD = "gnu++17";
				CLANG_CXX_LIBRARY = "libc++";
				CLANG_ENABLE_MODULES = YES;
				CLANG_ENABLE_OBJC_ARC = YES;
				CLANG_ENABLE_OBJC_WEAK = YES;
				CLANG_WARN_BLOCK_CAPTURE_AUTORELEASING = YES;
				CLANG_WARN_BOOL_CONVERSION = YES;
				CLANG_WARN_COMMA = YES;
				CLANG_WARN_CONSTANT_CONVERSION = YES;
				CLANG_WARN_DEPRECATED_OBJC_IMPLEMENTATIONS = YES;
				CLANG_WARN_DIRECT_OBJC_ISA_USAGE = YES_ERROR;
				CLANG_WARN_DOCUMENTATION_COMMENTS = YES;
				CLANG_WARN_EMPTY_BODY = YES;
				CLANG_WARN_ENUM_CONVERSION = YES;
				CLANG_WARN_INFINITE_RECURSION = YES;
				CLANG_WARN_INT_CONVERSION = YES;
				CLANG_WARN_NON_LITERAL_NULL_CONVERSION = YES;
				CLANG_WARN_OBJC_IMPLICIT_RETAIN_SELF = YES;
				CLANG_WARN_OBJC_LITERAL_CONVERSION = YES;
				CLANG_WARN_OBJC_ROOT_CLASS = YES_ERROR;
				CLANG_WARN_QUOTED_INCLUDE_IN_FRAMEWORK_HEADER = YES;
				CLANG_WARN_RANGE_LOOP_ANALYSIS = YES;
				CLANG_WARN_STRICT_PROTOTYPES = YES;
				CLANG_WARN_SUSPICIOUS_MOVE = YES;
				CLANG_WARN_UNGUARDED_AVAILABILITY = YES_AGGRESSIVE;
				CLANG_WARN_UNREACHABLE_CODE = YES;
				CLANG_WARN__DUPLICATE_METHOD_MATCH = YES;
				COPY_PHASE_STRIP = NO;
				DEBUG_INFORMATION_FORMAT = "dwarf-with-dsym";
				ENABLE_NS_ASSERTIONS = NO;
				ENABLE_STRICT_OBJC_MSGSEND = YES;
				GCC_C_LANGUAGE_STANDARD = gnu11;
				GCC_NO_COMMON_BLOCKS = YES;
				GCC_WARN_64_TO_32_BIT_CONVERSION = YES;
				GCC_WARN_ABOUT_RETURN_TYPE = YES_ERROR;
				GCC_WARN_UNDECLARED_SELECTOR = YES;
				GCC_WARN_UNINITIALIZED_AUTOS = YES_AGGRESSIVE;
				GCC_WARN_UNUSED_FUNCTION = YES;
				GCC_WARN_UNUSED_VARIABLE = YES;
				IPHONEOS_DEPLOYMENT_TARGET = 15.2;
				MTL_ENABLE_DEBUG_INFO = NO;
				MTL_FAST_MATH = YES;
				SDKROOT = iphoneos;
				VALIDATE_PRODUCT = YES;
			};
			name = Release;
		};
		FDE7A0A927B41E290002B4B5 /* Debug */ = {
			isa = XCBuildConfiguration;
			buildSettings = {
				ASSETCATALOG_COMPILER_APPICON_NAME = AppIcon;
				ASSETCATALOG_COMPILER_GLOBAL_ACCENT_COLOR_NAME = AccentColor;
				CODE_SIGN_STYLE = Automatic;
				CURRENT_PROJECT_VERSION = 1;
				GENERATE_INFOPLIST_FILE = YES;
				INFOPLIST_KEY_UIApplicationSupportsIndirectInputEvents = YES;
				INFOPLIST_KEY_UILaunchStoryboardName = LaunchScreen;
				INFOPLIST_KEY_UIMainStoryboardFile = Main;
				INFOPLIST_KEY_UIStatusBarHidden = YES;
				INFOPLIST_KEY_UISupportedInterfaceOrientations_iPad = "UIInterfaceOrientationPortrait UIInterfaceOrientationPortraitUpsideDown UIInterfaceOrientationLandscapeLeft UIInterfaceOrientationLandscapeRight";
				INFOPLIST_KEY_UISupportedInterfaceOrientations_iPhone = "UIInterfaceOrientationPortrait UIInterfaceOrientationLandscapeLeft UIInterfaceOrientationLandscapeRight";
				LD_RUNPATH_SEARCH_PATHS = (
					"$(inherited)",
					"@executable_path/Frameworks",
				);
				MARKETING_VERSION = 1.0;
				PRODUCT_BUNDLE_IDENTIFIER = "com.example.Coin-Toss";
				PRODUCT_NAME = "$(TARGET_NAME)";
				SWIFT_EMIT_LOC_STRINGS = YES;
				TARGETED_DEVICE_FAMILY = "1,2";
			};
			name = Debug;
		};
		FDE7A0AA27B41E290002B4B5 /* Release */ = {
			isa = XCBuildConfiguration;
			buildSettings = {
				ASSETCATALOG_COMPILER_APPICON_NAME = AppIcon;
				ASSETCATALOG_COMPILER_GLOBAL_ACCENT_COLOR_NAME = AccentColor;
				CODE_SIGN_STYLE = Automatic;
				CURRENT_PROJECT_VERSION = 1;
				GENERATE_INFOPLIST_FILE = YES;
				INFOPLIST_KEY_UIApplicationSupportsIndirectInputEvents = YES;
				INFOPLIST_KEY_UILaunchStoryboardName = LaunchScreen;
				INFOPLIST_KEY_UIMainStoryboardFile = Main;
				INFOPLIST_KEY_UIStatusBarHidden = YES;
				INFOPLIST_KEY_UISupportedInterfaceOrientations_iPad = "UIInterfaceOrientationPortrait UIInterfaceOrientationPortraitUpsideDown UIInterfaceOrientationLandscapeLeft UIInterfaceOrientationLandscapeRight";
				INFOPLIST_KEY_UISupportedInterfaceOrientations_iPhone = "UIInterfaceOrientationPortrait UIInterfaceOrientationLandscapeLeft UIInterfaceOrientationLandscapeRight";
				LD_RUNPATH_SEARCH_PATHS = (
					"$(inherited)",
					"@executable_path/Frameworks",
				);
				MARKETING_VERSION = 1.0;
				PRODUCT_BUNDLE_IDENTIFIER = "com.example.Coin-Toss";
				PRODUCT_NAME = "$(TARGET_NAME)";
				SWIFT_EMIT_LOC_STRINGS = YES;
				TARGETED_DEVICE_FAMILY = "1,2";
			};
			name = Release;
		};
		FDE7A0AC27B41E290002B4B5 /* Debug */ = {
			isa = XCBuildConfiguration;
			buildSettings = {
				BUNDLE_LOADER = "$(TEST_HOST)";
				CODE_SIGN_STYLE = Automatic;
				CURRENT_PROJECT_VERSION = 1;
				GENERATE_INFOPLIST_FILE = YES;
				IPHONEOS_DEPLOYMENT_TARGET = 15.2;
				MARKETING_VERSION = 1.0;
				PRODUCT_BUNDLE_IDENTIFIER = "com.example.Coin-TossTests";
				PRODUCT_NAME = "$(TARGET_NAME)";
				SWIFT_EMIT_LOC_STRINGS = NO;
				TARGETED_DEVICE_FAMILY = "1,2";
				TEST_HOST = "$(BUILT_PRODUCTS_DIR)/Coin Toss.app/Coin Toss";
			};
			name = Debug;
		};
		FDE7A0AD27B41E290002B4B5 /* Release */ = {
			isa = XCBuildConfiguration;
			buildSettings = {
				BUNDLE_LOADER = "$(TEST_HOST)";
				CODE_SIGN_STYLE = Automatic;
				CURRENT_PROJECT_VERSION = 1;
				GENERATE_INFOPLIST_FILE = YES;
				IPHONEOS_DEPLOYMENT_TARGET = 15.2;
				MARKETING_VERSION = 1.0;
				PRODUCT_BUNDLE_IDENTIFIER = "com.example.Coin-TossTests";
				PRODUCT_NAME = "$(TARGET_NAME)";
				SWIFT_EMIT_LOC_STRINGS = NO;
				TARGETED_DEVICE_FAMILY = "1,2";
				TEST_HOST = "$(BUILT_PRODUCTS_DIR)/Coin Toss.app/Coin Toss";
			};
			name = Release;
		};
		FDE7A0AF27B41E290002B4B5 /* Debug */ = {
			isa = XCBuildConfiguration;
			buildSettings = {
				CODE_SIGN_STYLE = Automatic;
				CURRENT_PROJECT_VERSION = 1;
				GENERATE_INFOPLIST_FILE = YES;
				MARKETING_VERSION = 1.0;
				PRODUCT_BUNDLE_IDENTIFIER = "com.example.Coin-TossUITests";
				PRODUCT_NAME = "$(TARGET_NAME)";
				SWIFT_EMIT_LOC_STRINGS = NO;
				TARGETED_DEVICE_FAMILY = "1,2";
				TEST_TARGET_NAME = "Coin Toss";
			};
			name = Debug;
		};
		FDE7A0B027B41E290002B4B5 /* Release */ = {
			isa = XCBuildConfiguration;
			buildSettings = {
				CODE_SIGN_STYLE = Automatic;
				CURRENT_PROJECT_VERSION = 1;
				GENERATE_INFOPLIST_FILE = YES;
				MARKETING_VERSION = 1.0;
				PRODUCT_BUNDLE_IDENTIFIER = "com.example.Coin-TossUITests";
				PRODUCT_NAME = "$(TARGET_NAME)";
				SWIFT_EMIT_LOC_STRINGS = NO;
				TARGETED_DEVICE_FAMILY = "1,2";
				TEST_TARGET_NAME = "Coin Toss";
			};
			name = Release;
		};
/* End XCBuildConfiguration section */

/* Begin XCConfigurationList section */
		FDE7A07127B41E270002B4B5 /* Build configuration list for PBXProject "Coin Toss" */ = {
			isa = XCConfigurationList;
			buildConfigurations = (
				FDE7A0A627B41E290002B4B5 /* Debug */,
				FDE7A0A727B41E290002B4B5 /* Release */,
			);
			defaultConfigurationIsVisible = 0;
			defaultConfigurationName = Release;
		};
		FDE7A0A827B41E290002B4B5 /* Build configuration list for PBXNativeTarget "Coin Toss" */ = {
			isa = XCConfigurationList;
			buildConfigurations = (
				FDE7A0A927B41E290002B4B5 /* Debug */,
				FDE7A0AA27B41E290002B4B5 /* Release */,
			);
			defaultConfigurationIsVisible = 0;
			defaultConfigurationName = Release;
		};
		FDE7A0AB27B41E290002B4B5 /* Build configuration list for PBXNativeTarget "Coin TossTests" */ = {
			isa = XCConfigurationList;
			buildConfigurations = (
				FDE7A0AC27B41E290002B4B5 /* Debug */,
				FDE7A0AD27B41E290002B4B5 /* Release */,
			);
			defaultConfigurationIsVisible = 0;
			defaultConfigurationName = Release;
		};
		FDE7A0AE27B41E290002B4B5 /* Build configuration list for PBXNativeTarget "Coin TossUITests" */ = {
			isa = XCConfigurationList;
			buildConfigurations = (
				FDE7A0AF27B41E290002B4B5 /* Debug */,
				FDE7A0B027B41E290002B4B5 /* Release */,
			);
			defaultConfigurationIsVisible = 0;
			defaultConfigurationName = Release;
		};
/* End XCConfigurationList section */
	};
	rootObject = FDE7A06E27B41E270002B4B5 /* Project object */;
}
